
Microsoft Visual Studio Solution File, Format Version 12.00
# Visual Studio Version 17
VisualStudioVersion = 17.9.34616.47
MinimumVisualStudioVersion = 10.0.40219.1
Project("{FAE04EC0-301F-11D3-BF4B-00C04F79EFBC}") = "ValoLeague", "ValoLeague.csproj", "{3E791CF7-4AF2-435A-8A55-EC09DD3EC8D5}"
EndProject
Global
	GlobalSection(SolutionConfigurationPlatforms) = preSolution
		Debug|Any CPU = Debug|Any CPU
		Release|Any CPU = Release|Any CPU
	EndGlobalSection
	GlobalSection(ProjectConfigurationPlatforms) = postSolution
		{3E791CF7-4AF2-435A-8A55-EC09DD3EC8D5}.Debug|Any CPU.ActiveCfg = Debug|Any CPU
		{3E791CF7-4AF2-435A-8A55-EC09DD3EC8D5}.Debug|Any CPU.Build.0 = Debug|Any CPU
		{3E791CF7-4AF2-435A-8A55-EC09DD3EC8D5}.Release|Any CPU.ActiveCfg = Release|Any CPU
		{3E791CF7-4AF2-435A-8A55-EC09DD3EC8D5}.Release|Any CPU.Build.0 = Release|Any CPU
	EndGlobalSection
	GlobalSection(SolutionProperties) = preSolution
		HideSolutionNode = FALSE
	EndGlobalSection
	GlobalSection(ExtensibilityGlobals) = postSolution
		SolutionGuid = {7C63CBCD-4B4D-4C90-BBFB-E205DBEE008A}
	EndGlobalSection
EndGlobal
